
Microsoft Visual Studio Solution File, Format Version 12.00
# Visual Studio 15
VisualStudioVersion = 15.0.28307.1622
MinimumVisualStudioVersion = 10.0.40219.1
Project("{FAE04EC0-301F-11D3-BF4B-00C04F79EFBC}") = "MVC", "MVC\MVC.csproj", "{50FF1607-A5AE-4AA7-88C2-9B21E88674E3}"
EndProject
Global
	GlobalSection(SolutionConfigurationPlatforms) = preSolution
		Debug|Any CPU = Debug|Any CPU
		Release|Any CPU = Release|Any CPU
	EndGlobalSection
	GlobalSection(ProjectConfigurationPlatforms) = postSolution
		{50FF1607-A5AE-4AA7-88C2-9B21E88674E3}.Debug|Any CPU.ActiveCfg = Debug|Any CPU
		{50FF1607-A5AE-4AA7-88C2-9B21E88674E3}.Debug|Any CPU.Build.0 = Debug|Any CPU
		{50FF1607-A5AE-4AA7-88C2-9B21E88674E3}.Release|Any CPU.ActiveCfg = Release|Any CPU
		{50FF1607-A5AE-4AA7-88C2-9B21E88674E3}.Release|Any CPU.Build.0 = Release|Any CPU
	EndGlobalSection
	GlobalSection(SolutionProperties) = preSolution
		HideSolutionNode = FALSE
	EndGlobalSection
	GlobalSection(ExtensibilityGlobals) = postSolution
		SolutionGuid = {30E49F18-DC0C-421F-9D23-5F9EEC20605E}
	EndGlobalSection
EndGlobal
